{
  "version": "5",
  "specifiers": {
    "jsr:@std/assert@*": "1.0.19",
    "jsr:@std/internal@^1.0.12": "1.0.12"
  },
  "jsr": {
    "@std/assert@1.0.19": {
      "integrity": "eaada96ee120cb980bc47e040f82814d786fe8162ecc53c91d8df60b8755991e",
      "dependencies": [
        "jsr:@std/internal"
      ]
    },
    "@std/internal@1.0.12": {
      "integrity": "972a634fd5bc34b242024402972cd5143eac68d8dffaca5eaa4dba30ce17b027"
    }
  },
  "workspace": {
    "packageJson": {
      "dependencies": [
        "npm:@eslint/js@^10.0.1",
        "npm:@types/node@^20.19.35",
        "npm:eslint@^10.0.2",
        "npm:globals@^17.3.0",
        "npm:libxml2-wasm@0.6",
        "npm:pdf-lib@^1.17.1",
        "npm:prettier@^3.8.1",
        "npm:tsup@^8.5.1",
        "npm:typescript-eslint@^8.56.1",
        "npm:typescript@^5.9.3",
        "npm:vitest@^4.0.18"
      ]
    }
  }
}
